
Microsoft Visual Studio Solution File, Format Version 12.00
# Visual Studio Version 17
VisualStudioVersion = 17.0.32112.339
MinimumVisualStudioVersion = 10.0.40219.1
Project("{FAE04EC0-301F-11D3-BF4B-00C04F79EFBC}") = "HaberPortal", "HaberPortal\HaberPortal.csproj", "{739EA5DA-0F10-4B21-919E-FB7270C54058}"
EndProject
Global
	GlobalSection(SolutionConfigurationPlatforms) = preSolution
		Debug|Any CPU = Debug|Any CPU
		Release|Any CPU = Release|Any CPU
	EndGlobalSection
	GlobalSection(ProjectConfigurationPlatforms) = postSolution
		{739EA5DA-0F10-4B21-919E-FB7270C54058}.Debug|Any CPU.ActiveCfg = Debug|Any CPU
		{739EA5DA-0F10-4B21-919E-FB7270C54058}.Debug|Any CPU.Build.0 = Debug|Any CPU
		{739EA5DA-0F10-4B21-919E-FB7270C54058}.Release|Any CPU.ActiveCfg = Release|Any CPU
		{739EA5DA-0F10-4B21-919E-FB7270C54058}.Release|Any CPU.Build.0 = Release|Any CPU
	EndGlobalSection
	GlobalSection(SolutionProperties) = preSolution
		HideSolutionNode = FALSE
	EndGlobalSection
	GlobalSection(ExtensibilityGlobals) = postSolution
		SolutionGuid = {247852BB-919C-4746-A04C-4747F3F5BFFC}
	EndGlobalSection
EndGlobal
